
Microsoft Visual Studio Solution File, Format Version 12.00
# Visual Studio Version 17
VisualStudioVersion = 17.8.34309.116
MinimumVisualStudioVersion = 10.0.40219.1
Project("{FAE04EC0-301F-11D3-BF4B-00C04F79EFBC}") = "WebAppApi", "WebAppApi\WebAppApi.csproj", "{AEBF1D30-D321-42B7-B662-B25D75176807}"
EndProject
Global
	GlobalSection(SolutionConfigurationPlatforms) = preSolution
		Debug|Any CPU = Debug|Any CPU
		Release|Any CPU = Release|Any CPU
	EndGlobalSection
	GlobalSection(ProjectConfigurationPlatforms) = postSolution
		{AEBF1D30-D321-42B7-B662-B25D75176807}.Debug|Any CPU.ActiveCfg = Debug|Any CPU
		{AEBF1D30-D321-42B7-B662-B25D75176807}.Debug|Any CPU.Build.0 = Debug|Any CPU
		{AEBF1D30-D321-42B7-B662-B25D75176807}.Release|Any CPU.ActiveCfg = Release|Any CPU
		{AEBF1D30-D321-42B7-B662-B25D75176807}.Release|Any CPU.Build.0 = Release|Any CPU
	EndGlobalSection
	GlobalSection(SolutionProperties) = preSolution
		HideSolutionNode = FALSE
	EndGlobalSection
	GlobalSection(ExtensibilityGlobals) = postSolution
		SolutionGuid = {E09C899F-31BA-439E-910E-144C276B7DEF}
	EndGlobalSection
EndGlobal
